// !$*UTF8*$!
{
	archiveVersion = 1;
	classes = {
	};
	objectVersion = 48;
	objects = {

/* Begin PBXBuildFile section */
		F7AED506206E0251000FBCED /* AppDelegate.swift in Sources */ = {isa = PBXBuildFile; fileRef = F7AED505206E0251000FBCED /* AppDelegate.swift */; };
		F7AED508206E0251000FBCED /* ViewController.swift in Sources */ = {isa = PBXBuildFile; fileRef = F7AED507206E0251000FBCED /* ViewController.swift */; };
		F7AED50B206E0251000FBCED /* Main.storyboard in Resources */ = {isa = PBXBuildFile; fileRef = F7AED509206E0251000FBCED /* Main.storyboard */; };
		F7AED50E206E0251000FBCED /* parkFinder2000.xcdatamodeld in Sources */ = {isa = PBXBuildFile; fileRef = F7AED50C206E0251000FBCED /* parkFinder2000.xcdatamodeld */; };
		F7AED510206E0251000FBCED /* Assets.xcassets in Resources */ = {isa = PBXBuildFile; fileRef = F7AED50F206E0251000FBCED /* Assets.xcassets */; };
		F7AED513206E0251000FBCED /* LaunchScreen.storyboard in Resources */ = {isa = PBXBuildFile; fileRef = F7AED511206E0251000FBCED /* LaunchScreen.storyboard */; };
/* End PBXBuildFile section */

/* Begin PBXFileReference section */
		F7AED502206E0251000FBCED /* parkFinder2000.app */ = {isa = PBXFileReference; explicitFileType = wrapper.application; includeInIndex = 0; path = parkFinder2000.app; sourceTree = BUILT_PRODUCTS_DIR; };
		F7AED505206E0251000FBCED /* AppDelegate.swift */ = {isa = PBXFileReference; lastKnownFileType = sourcecode.swift; path = AppDelegate.swift; sourceTree = "<group>"; };
		F7AED507206E0251000FBCED /* ViewController.swift */ = {isa = PBXFileReference; lastKnownFileType = sourcecode.swift; path = ViewController.swift; sourceTree = "<group>"; };
		F7AED50A206E0251000FBCED /* Base */ = {isa = PBXFileReference; lastKnownFileType = file.storyboard; name = Base; path = Base.lproj/Main.storyboard; sourceTree = "<group>"; };
		F7AED50D206E0251000FBCED /* parkFinder2000.xcdatamodel */ = {isa = PBXFileReference; lastKnownFileType = wrapper.xcdatamodel; path = parkFinder2000.xcdatamodel; sourceTree = "<group>"; };
		F7AED50F206E0251000FBCED /* Assets.xcassets */ = {isa = PBXFileReference; lastKnownFileType = folder.assetcatalog; path = Assets.xcassets; sourceTree = "<group>"; };
		F7AED512206E0251000FBCED /* Base */ = {isa = PBXFileReference; lastKnownFileType = file.storyboard; name = Base; path = Base.lproj/LaunchScreen.storyboard; sourceTree = "<group>"; };
		F7AED514206E0251000FBCED /* Info.plist */ = {isa = PBXFileReference; lastKnownFileType = text.plist.xml; path = Info.plist; sourceTree = "<group>"; };
/* End PBXFileReference section */

/* Begin PBXFrameworksBuildPhase section */
		F7AED4FF206E0251000FBCED /* Frameworks */ = {
			isa = PBXFrameworksBuildPhase;
			buildActionMask = 2147483647;
			files = (
			);
			runOnlyForDeploymentPostprocessing = 0;
		};
/* End PBXFrameworksBuildPhase section */

/* Begin PBXGroup section */
		F7AED4F9206E0251000FBCED = {
			isa = PBXGroup;
			children = (
				F7AED504206E0251000FBCED /* parkFinder2000 */,
				F7AED503206E0251000FBCED /* Products */,
			);
			sourceTree = "<group>";
		};
		F7AED503206E0251000FBCED /* Products */ = {
			isa = PBXGroup;
			children = (
				F7AED502206E0251000FBCED /* parkFinder2000.app */,
			);
			name = Products;
			sourceTree = "<group>";
		};
		F7AED504206E0251000FBCED /* parkFinder2000 */ = {
			isa = PBXGroup;
			children = (
				F7AED505206E0251000FBCED /* AppDelegate.swift */,
				F7AED507206E0251000FBCED /* ViewController.swift */,
				F7AED509206E0251000FBCED /* Main.storyboard */,
				F7AED50F206E0251000FBCED /* Assets.xcassets */,
				F7AED511206E0251000FBCED /* LaunchScreen.storyboard */,
				F7AED514206E0251000FBCED /* Info.plist */,
				F7AED50C206E0251000FBCED /* parkFinder2000.xcdatamodeld */,
			);
			path = parkFinder2000;
			sourceTree = "<group>";
		};
/* End PBXGroup section */

/* Begin PBXNativeTarget section */
		F7AED501206E0251000FBCED /* parkFinder2000 */ = {
			isa = PBXNativeTarget;
			buildConfigurationList = F7AED517206E0251000FBCED /* Build configuration list for PBXNativeTarget "parkFinder2000" */;
			buildPhases = (
				F7AED4FE206E0251000FBCED /* Sources */,
				F7AED4FF206E0251000FBCED /* Frameworks */,
				F7AED500206E0251000FBCED /* Resources */,
			);
			buildRules = (
			);
			dependencies = (
			);
			name = parkFinder2000;
			productName = parkFinder2000;
			productReference = F7AED502206E0251000FBCED /* parkFinder2000.app */;
			productType = "com.apple.product-type.application";
		};
/* End PBXNativeTarget section */

/* Begin PBXProject section */
		F7AED4FA206E0251000FBCED /* Project object */ = {
			isa = PBXProject;
			attributes = {
				LastSwiftUpdateCheck = 0920;
				LastUpgradeCheck = 0920;
				ORGANIZATIONNAME = "Andrew Roberts";
				TargetAttributes = {
					F7AED501206E0251000FBCED = {
						CreatedOnToolsVersion = 9.2;
						ProvisioningStyle = Automatic;
					};
				};
			};
			buildConfigurationList = F7AED4FD206E0251000FBCED /* Build configuration list for PBXProject "parkFinder2000" */;
			compatibilityVersion = "Xcode 8.0";
			developmentRegion = en;
			hasScannedForEncodings = 0;
			knownRegions = (
				en,
				Base,
			);
			mainGroup = F7AED4F9206E0251000FBCED;
			productRefGroup = F7AED503206E0251000FBCED /* Products */;
			projectDirPath = "";
			projectRoot = "";
			targets = (
				F7AED501206E0251000FBCED /* parkFinder2000 */,
			);
		};
/* End PBXProject section */

/* Begin PBXResourcesBuildPhase section */
		F7AED500206E0251000FBCED /* Resources */ = {
			isa = PBXResourcesBuildPhase;
			buildActionMask = 2147483647;
			files = (
				F7AED513206E0251000FBCED /* LaunchScreen.storyboard in Resources */,
				F7AED510206E0251000FBCED /* Assets.xcassets in Resources */,
				F7AED50B206E0251000FBCED /* Main.storyboard in Resources */,
			);
			runOnlyForDeploymentPostprocessing = 0;
		};
/* End PBXResourcesBuildPhase section */

/* Begin PBXSourcesBuildPhase section */
		F7AED4FE206E0251000FBCED /* Sources */ = {
			isa = PBXSourcesBuildPhase;
			buildActionMask = 2147483647;
			files = (
				F7AED508206E0251000FBCED /* ViewController.swift in Sources */,
				F7AED50E206E0251000FBCED /* parkFinder2000.xcdatamodeld in Sources */,
				F7AED506206E0251000FBCED /* AppDelegate.swift in Sources */,
			);
			runOnlyForDeploymentPostprocessing = 0;
		};
/* End PBXSourcesBuildPhase section */

/* Begin PBXVariantGroup section */
		F7AED509206E0251000FBCED /* Main.storyboard */ = {
			isa = PBXVariantGroup;
			children = (
				F7AED50A206E0251000FBCED /* Base */,
			);
			name = Main.storyboard;
			sourceTree = "<group>";
		};
		F7AED511206E0251000FBCED /* LaunchScreen.storyboard */ = {
			isa = PBXVariantGroup;
			children = (
				F7AED512206E0251000FBCED /* Base */,
			);
			name = LaunchScreen.storyboard;
			sourceTree = "<group>";
		};
/* End PBXVariantGroup section */

/* Begin XCBuildConfiguration section */
		F7AED515206E0251000FBCED /* Debug */ = {
			isa = XCBuildConfiguration;
			buildSettings = {
				ALWAYS_SEARCH_USER_PATHS = NO;
				CLANG_ANALYZER_NONNULL = YES;
				CLANG_ANALYZER_NUMBER_OBJECT_CONVERSION = YES_AGGRESSIVE;
				CLANG_CXX_LANGUAGE_STANDARD = "gnu++14";
				CLANG_CXX_LIBRARY = "libc++";
				CLANG_ENABLE_MODULES = YES;
				CLANG_ENABLE_OBJC_ARC = YES;
				CLANG_WARN_BLOCK_CAPTURE_AUTORELEASING = YES;
				CLANG_WARN_BOOL_CONVERSION = YES;
				CLANG_WARN_COMMA = YES;
				CLANG_WARN_CONSTANT_CONVERSION = YES;
				CLANG_WARN_DIRECT_OBJC_ISA_USAGE = YES_ERROR;
				CLANG_WARN_DOCUMENTATION_COMMENTS = YES;
				CLANG_WARN_EMPTY_BODY = YES;
				CLANG_WARN_ENUM_CONVERSION = YES;
				CLANG_WARN_INFINITE_RECURSION = YES;
				CLANG_WARN_INT_CONVERSION = YES;
				CLANG_WARN_NON_LITERAL_NULL_CONVERSION = YES;
				CLANG_WARN_OBJC_LITERAL_CONVERSION = YES;
				CLANG_WARN_OBJC_ROOT_CLASS = YES_ERROR;
				CLANG_WARN_RANGE_LOOP_ANALYSIS = YES;
				CLANG_WARN_STRICT_PROTOTYPES = YES;
				CLANG_WARN_SUSPICIOUS_MOVE = YES;
				CLANG_WARN_UNGUARDED_AVAILABILITY = YES_AGGRESSIVE;
				CLANG_WARN_UNREACHABLE_CODE = YES;
				CLANG_WARN__DUPLICATE_METHOD_MATCH = YES;
				CODE_SIGN_IDENTITY = "iPhone Developer";
				COPY_PHASE_STRIP = NO;
				DEBUG_INFORMATION_FORMAT = dwarf;
				ENABLE_STRICT_OBJC_MSGSEND = YES;
				ENABLE_TESTABILITY = YES;
				GCC_C_LANGUAGE_STANDARD = gnu11;
				GCC_DYNAMIC_NO_PIC = NO;
				GCC_NO_COMMON_BLOCKS = YES;
				GCC_OPTIMIZATION_LEVEL = 0;
				GCC_PREPROCESSOR_DEFINITIONS = (
					"DEBUG=1",
					"$(inherited)",
				);
				GCC_WARN_64_TO_32_BIT_CONVERSION = YES;
				GCC_WARN_ABOUT_RETURN_TYPE = YES_ERROR;
				GCC_WARN_UNDECLARED_SELECTOR = YES;
				GCC_WARN_UNINITIALIZED_AUTOS = YES_AGGRESSIVE;
				GCC_WARN_UNUSED_FUNCTION = YES;
				GCC_WARN_UNUSED_VARIABLE = YES;
				IPHONEOS_DEPLOYMENT_TARGET = 11.2;
				MTL_ENABLE_DEBUG_INFO = YES;
				ONLY_ACTIVE_ARCH = YES;
				SDKROOT = iphoneos;
				SWIFT_ACTIVE_COMPILATION_CONDITIONS = DEBUG;
				SWIFT_OPTIMIZATION_LEVEL = "-Onone";
			};
			name = Debug;
		};
		F7AED516206E0251000FBCED /* Release */ = {
			isa = XCBuildConfiguration;
			buildSettings = {
				ALWAYS_SEARCH_USER_PATHS = NO;
				CLANG_ANALYZER_NONNULL = YES;
				CLANG_ANALYZER_NUMBER_OBJECT_CONVERSION = YES_AGGRESSIVE;
				CLANG_CXX_LANGUAGE_STANDARD = "gnu++14";
				CLANG_CXX_LIBRARY = "libc++";
				CLANG_ENABLE_MODULES = YES;
				CLANG_ENABLE_OBJC_ARC = YES;
				CLANG_WARN_BLOCK_CAPTURE_AUTORELEASING = YES;
				CLANG_WARN_BOOL_CONVERSION = YES;
				CLANG_WARN_COMMA = YES;
				CLANG_WARN_CONSTANT_CONVERSION = YES;
				CLANG_WARN_DIRECT_OBJC_ISA_USAGE = YES_ERROR;
				CLANG_WARN_DOCUMENTATION_COMMENTS = YES;
				CLANG_WARN_EMPTY_BODY = YES;
				CLANG_WARN_ENUM_CONVERSION = YES;
				CLANG_WARN_INFINITE_RECURSION = YES;
				CLANG_WARN_INT_CONVERSION = YES;
				CLANG_WARN_NON_LITERAL_NULL_CONVERSION = YES;
				CLANG_WARN_OBJC_LITERAL_CONVERSION = YES;
				CLANG_WARN_OBJC_ROOT_CLASS = YES_ERROR;
				CLANG_WARN_RANGE_LOOP_ANALYSIS = YES;
				CLANG_WARN_STRICT_PROTOTYPES = YES;
				CLANG_WARN_SUSPICIOUS_MOVE = YES;
				CLANG_WARN_UNGUARDED_AVAILABILITY = YES_AGGRESSIVE;
				CLANG_WARN_UNREACHABLE_CODE = YES;
				CLANG_WARN__DUPLICATE_METHOD_MATCH = YES;
				CODE_SIGN_IDENTITY = "iPhone Developer";
				COPY_PHASE_STRIP = NO;
				DEBUG_INFORMATION_FORMAT = "dwarf-with-dsym";
				ENABLE_NS_ASSERTIONS = NO;
				ENABLE_STRICT_OBJC_MSGSEND = YES;
				GCC_C_LANGUAGE_STANDARD = gnu11;
				GCC_NO_COMMON_BLOCKS = YES;
				GCC_WARN_64_TO_32_BIT_CONVERSION = YES;
				GCC_WARN_ABOUT_RETURN_TYPE = YES_ERROR;
				GCC_WARN_UNDECLARED_SELECTOR = YES;
				GCC_WARN_UNINITIALIZED_AUTOS = YES_AGGRESSIVE;
				GCC_WARN_UNUSED_FUNCTION = YES;
				GCC_WARN_UNUSED_VARIABLE = YES;
				IPHONEOS_DEPLOYMENT_TARGET = 11.2;
				MTL_ENABLE_DEBUG_INFO = NO;
				SDKROOT = iphoneos;
				SWIFT_OPTIMIZATION_LEVEL = "-Owholemodule";
				VALIDATE_PRODUCT = YES;
			};
			name = Release;
		};
		F7AED518206E0251000FBCED /* Debug */ = {
			isa = XCBuildConfiguration;
			buildSettings = {
				ASSETCATALOG_COMPILER_APPICON_NAME = AppIcon;
				CODE_SIGN_STYLE = Automatic;
				DEVELOPMENT_TEAM = 4ZBG8LM3W2;
				INFOPLIST_FILE = parkFinder2000/Info.plist;
				LD_RUNPATH_SEARCH_PATHS = "$(inherited) @executable_path/Frameworks";
				PRODUCT_BUNDLE_IDENTIFIER = NoteFifteen.parkFinder2000;
				PRODUCT_NAME = "$(TARGET_NAME)";
				SWIFT_VERSION = 4.0;
				TARGETED_DEVICE_FAMILY = "1,2";
			};
			name = Debug;
		};
		F7AED519206E0251000FBCED /* Release */ = {
			isa = XCBuildConfiguration;
			buildSettings = {
				ASSETCATALOG_COMPILER_APPICON_NAME = AppIcon;
				CODE_SIGN_STYLE = Automatic;
				DEVELOPMENT_TEAM = 4ZBG8LM3W2;
				INFOPLIST_FILE = parkFinder2000/Info.plist;
				LD_RUNPATH_SEARCH_PATHS = "$(inherited) @executable_path/Frameworks";
				PRODUCT_BUNDLE_IDENTIFIER = NoteFifteen.parkFinder2000;
				PRODUCT_NAME = "$(TARGET_NAME)";
				SWIFT_VERSION = 4.0;
				TARGETED_DEVICE_FAMILY = "1,2";
			};
			name = Release;
		};
/* End XCBuildConfiguration section */

/* Begin XCConfigurationList section */
		F7AED4FD206E0251000FBCED /* Build configuration list for PBXProject "parkFinder2000" */ = {
			isa = XCConfigurationList;
			buildConfigurations = (
				F7AED515206E0251000FBCED /* Debug */,
				F7AED516206E0251000FBCED /* Release */,
			);
			defaultConfigurationIsVisible = 0;
			defaultConfigurationName = Release;
		};
		F7AED517206E0251000FBCED /* Build configuration list for PBXNativeTarget "parkFinder2000" */ = {
			isa = XCConfigurationList;
			buildConfigurations = (
				F7AED518206E0251000FBCED /* Debug */,
				F7AED519206E0251000FBCED /* Release */,
			);
			defaultConfigurationIsVisible = 0;
			defaultConfigurationName = Release;
		};
/* End XCConfigurationList section */

/* Begin XCVersionGroup section */
		F7AED50C206E0251000FBCED /* parkFinder2000.xcdatamodeld */ = {
			isa = XCVersionGroup;
			children = (
				F7AED50D206E0251000FBCED /* parkFinder2000.xcdatamodel */,
			);
			currentVersion = F7AED50D206E0251000FBCED /* parkFinder2000.xcdatamodel */;
			path = parkFinder2000.xcdatamodeld;
			sourceTree = "<group>";
			versionGroupType = wrapper.xcdatamodel;
		};
/* End XCVersionGroup section */
	};
	rootObject = F7AED4FA206E0251000FBCED /* Project object */;
}
